
Microsoft Visual Studio Solution File, Format Version 12.00
# Visual Studio 15
VisualStudioVersion = 15.0.28307.539
MinimumVisualStudioVersion = 10.0.40219.1
Project("{FAE04EC0-301F-11D3-BF4B-00C04F79EFBC}") = "my_desktop_program01", "my_desktop_program01\my_desktop_program01.csproj", "{01F467F0-2207-43DE-A37A-20E9C4F41F99}"
EndProject
Global
	GlobalSection(SolutionConfigurationPlatforms) = preSolution
		Debug|Any CPU = Debug|Any CPU
		Release|Any CPU = Release|Any CPU
	EndGlobalSection
	GlobalSection(ProjectConfigurationPlatforms) = postSolution
		{01F467F0-2207-43DE-A37A-20E9C4F41F99}.Debug|Any CPU.ActiveCfg = Debug|Any CPU
		{01F467F0-2207-43DE-A37A-20E9C4F41F99}.Debug|Any CPU.Build.0 = Debug|Any CPU
		{01F467F0-2207-43DE-A37A-20E9C4F41F99}.Release|Any CPU.ActiveCfg = Release|Any CPU
		{01F467F0-2207-43DE-A37A-20E9C4F41F99}.Release|Any CPU.Build.0 = Release|Any CPU
	EndGlobalSection
	GlobalSection(SolutionProperties) = preSolution
		HideSolutionNode = FALSE
	EndGlobalSection
	GlobalSection(ExtensibilityGlobals) = postSolution
		SolutionGuid = {4D380225-2D0C-4344-AAAE-6653001ACD7C}
	EndGlobalSection
EndGlobal
